
Microsoft Visual Studio Solution File, Format Version 12.00
# Visual Studio Version 17
VisualStudioVersion = 17.1.32228.430
MinimumVisualStudioVersion = 10.0.40219.1
Project("{9A19103F-16F7-4668-BE54-9A1E7A4F7556}") = "EvaluateMathExpression", "EvaluateMathExpression\EvaluateMathExpression.csproj", "{0D1435F4-F196-4A69-92C6-A0D4F6D79936}"
EndProject
Project("{FAE04EC0-301F-11D3-BF4B-00C04F79EFBC}") = "EvaluateMathExpression.Tests", "EvaluateMathExpression.Tests\EvaluateMathExpression.Tests.csproj", "{BAA7DA4A-3F43-4441-8302-CD89902FF6E8}"
EndProject
Global
	GlobalSection(SolutionConfigurationPlatforms) = preSolution
		Debug|Any CPU = Debug|Any CPU
		Release|Any CPU = Release|Any CPU
	EndGlobalSection
	GlobalSection(ProjectConfigurationPlatforms) = postSolution
		{0D1435F4-F196-4A69-92C6-A0D4F6D79936}.Debug|Any CPU.ActiveCfg = Debug|Any CPU
		{0D1435F4-F196-4A69-92C6-A0D4F6D79936}.Debug|Any CPU.Build.0 = Debug|Any CPU
		{0D1435F4-F196-4A69-92C6-A0D4F6D79936}.Release|Any CPU.ActiveCfg = Release|Any CPU
		{0D1435F4-F196-4A69-92C6-A0D4F6D79936}.Release|Any CPU.Build.0 = Release|Any CPU
		{BAA7DA4A-3F43-4441-8302-CD89902FF6E8}.Debug|Any CPU.ActiveCfg = Debug|Any CPU
		{BAA7DA4A-3F43-4441-8302-CD89902FF6E8}.Debug|Any CPU.Build.0 = Debug|Any CPU
		{BAA7DA4A-3F43-4441-8302-CD89902FF6E8}.Release|Any CPU.ActiveCfg = Release|Any CPU
		{BAA7DA4A-3F43-4441-8302-CD89902FF6E8}.Release|Any CPU.Build.0 = Release|Any CPU
	EndGlobalSection
	GlobalSection(SolutionProperties) = preSolution
		HideSolutionNode = FALSE
	EndGlobalSection
	GlobalSection(ExtensibilityGlobals) = postSolution
		SolutionGuid = {8FB0293E-57DD-4400-B130-CCD9DC414CCB}
	EndGlobalSection
EndGlobal
